
Microsoft Visual Studio Solution File, Format Version 12.00
# Visual Studio Version 17
VisualStudioVersion = 17.3.32901.215
MinimumVisualStudioVersion = 10.0.40219.1
Project("{FAE04EC0-301F-11D3-BF4B-00C04F79EFBC}") = "szokereso", "szokereso\szokereso.csproj", "{FFB2A784-85E8-4A6F-A4B0-2F27251AA6A8}"
EndProject
Global
	GlobalSection(SolutionConfigurationPlatforms) = preSolution
		Debug|Any CPU = Debug|Any CPU
		Release|Any CPU = Release|Any CPU
	EndGlobalSection
	GlobalSection(ProjectConfigurationPlatforms) = postSolution
		{FFB2A784-85E8-4A6F-A4B0-2F27251AA6A8}.Debug|Any CPU.ActiveCfg = Debug|Any CPU
		{FFB2A784-85E8-4A6F-A4B0-2F27251AA6A8}.Debug|Any CPU.Build.0 = Debug|Any CPU
		{FFB2A784-85E8-4A6F-A4B0-2F27251AA6A8}.Release|Any CPU.ActiveCfg = Release|Any CPU
		{FFB2A784-85E8-4A6F-A4B0-2F27251AA6A8}.Release|Any CPU.Build.0 = Release|Any CPU
	EndGlobalSection
	GlobalSection(SolutionProperties) = preSolution
		HideSolutionNode = FALSE
	EndGlobalSection
	GlobalSection(ExtensibilityGlobals) = postSolution
		SolutionGuid = {DF897319-B3DE-4230-BBB2-2376F9885C42}
	EndGlobalSection
EndGlobal
